
Microsoft Visual Studio Solution File, Format Version 12.00
# Visual Studio Version 17
VisualStudioVersion = 17.0.31903.59
MinimumVisualStudioVersion = 10.0.40219.1
Project("{2150E333-8FDC-42A3-9474-1A3956D46DE8}") = "src", "src", "{827E0CD3-B72D-47B6-A68D-7590B98EB39B}"
EndProject
Project("{FAE04EC0-301F-11D3-BF4B-00C04F79EFBC}") = "SpeechToSpeech.Core", "src\SpeechToSpeech.Core\SpeechToSpeech.Core.csproj", "{CE8E465A-817A-4C1C-AD19-74C7BBC2D061}"
EndProject
Project("{FAE04EC0-301F-11D3-BF4B-00C04F79EFBC}") = "SpeechToSpeech.Llm", "src\SpeechToSpeech.Llm\SpeechToSpeech.Llm.csproj", "{D7E1FA47-24DB-4003-94B3-A8E46F015EA7}"
EndProject
Project("{FAE04EC0-301F-11D3-BF4B-00C04F79EFBC}") = "SpeechToSpeech.Stt", "src\SpeechToSpeech.Stt\SpeechToSpeech.Stt.csproj", "{8162D830-1565-49F5-B5BE-DECDE3E288B6}"
EndProject
Project("{FAE04EC0-301F-11D3-BF4B-00C04F79EFBC}") = "SpeechToSpeech.Vad", "src\SpeechToSpeech.Vad\SpeechToSpeech.Vad.csproj", "{ABEC3843-8346-48FA-ABF4-A9DD3076D2E3}"
EndProject
Project("{FAE04EC0-301F-11D3-BF4B-00C04F79EFBC}") = "SpeechToSpeech.Tts", "src\SpeechToSpeech.Tts\SpeechToSpeech.Tts.csproj", "{79DCFBEF-F6D6-4098-BA8F-1D56B4477954}"
EndProject
Project("{2150E333-8FDC-42A3-9474-1A3956D46DE8}") = "samples", "samples", "{5D20AA90-6969-D8BD-9DCD-8634F4692FDA}"
EndProject
Project("{FAE04EC0-301F-11D3-BF4B-00C04F79EFBC}") = "VoiceLoopDemo", "samples\VoiceLoopDemo\VoiceLoopDemo.csproj", "{BE4919A1-2FD1-4C2D-923C-DAE1647E4CB7}"
EndProject
Project("{2150E333-8FDC-42A3-9474-1A3956D46DE8}") = "tests", "tests", "{0AB3BF05-4346-4AA6-1389-037BE0695223}"
EndProject
Project("{FAE04EC0-301F-11D3-BF4B-00C04F79EFBC}") = "SpeechToSpeech.Tests", "tests\SpeechToSpeech.Tests\SpeechToSpeech.Tests.csproj", "{3D4F2B7C-DB06-43CF-A8FD-67CA78A66483}"
EndProject
Project("{FAE04EC0-301F-11D3-BF4B-00C04F79EFBC}") = "SpeechToSpeech.Pipeline", "src\SpeechToSpeech.Pipeline\SpeechToSpeech.Pipeline.csproj", "{51C24A3D-5C73-4383-B5A4-F9F2D7225D01}"
EndProject
Project("{FAE04EC0-301F-11D3-BF4B-00C04F79EFBC}") = "VoicePipelineDemo", "samples\VoicePipelineDemo\VoicePipelineDemo.csproj", "{9612623E-11D9-401D-BBF8-3641F53B714C}"
EndProject
Global
	GlobalSection(SolutionConfigurationPlatforms) = preSolution
		Debug|Any CPU = Debug|Any CPU
		Debug|x64 = Debug|x64
		Debug|x86 = Debug|x86
		Release|Any CPU = Release|Any CPU
		Release|x64 = Release|x64
		Release|x86 = Release|x86
	EndGlobalSection
	GlobalSection(ProjectConfigurationPlatforms) = postSolution
		{CE8E465A-817A-4C1C-AD19-74C7BBC2D061}.Debug|Any CPU.ActiveCfg = Debug|Any CPU
		{CE8E465A-817A-4C1C-AD19-74C7BBC2D061}.Debug|Any CPU.Build.0 = Debug|Any CPU
		{CE8E465A-817A-4C1C-AD19-74C7BBC2D061}.Debug|x64.ActiveCfg = Debug|Any CPU
		{CE8E465A-817A-4C1C-AD19-74C7BBC2D061}.Debug|x64.Build.0 = Debug|Any CPU
		{CE8E465A-817A-4C1C-AD19-74C7BBC2D061}.Debug|x86.ActiveCfg = Debug|Any CPU
		{CE8E465A-817A-4C1C-AD19-74C7BBC2D061}.Debug|x86.Build.0 = Debug|Any CPU
		{CE8E465A-817A-4C1C-AD19-74C7BBC2D061}.Release|Any CPU.ActiveCfg = Release|Any CPU
		{CE8E465A-817A-4C1C-AD19-74C7BBC2D061}.Release|Any CPU.Build.0 = Release|Any CPU
		{CE8E465A-817A-4C1C-AD19-74C7BBC2D061}.Release|x64.ActiveCfg = Release|Any CPU
		{CE8E465A-817A-4C1C-AD19-74C7BBC2D061}.Release|x64.Build.0 = Release|Any CPU
		{CE8E465A-817A-4C1C-AD19-74C7BBC2D061}.Release|x86.ActiveCfg = Release|Any CPU
		{CE8E465A-817A-4C1C-AD19-74C7BBC2D061}.Release|x86.Build.0 = Release|Any CPU
		{D7E1FA47-24DB-4003-94B3-A8E46F015EA7}.Debug|Any CPU.ActiveCfg = Debug|Any CPU
		{D7E1FA47-24DB-4003-94B3-A8E46F015EA7}.Debug|Any CPU.Build.0 = Debug|Any CPU
		{D7E1FA47-24DB-4003-94B3-A8E46F015EA7}.Debug|x64.ActiveCfg = Debug|Any CPU
		{D7E1FA47-24DB-4003-94B3-A8E46F015EA7}.Debug|x64.Build.0 = Debug|Any CPU
		{D7E1FA47-24DB-4003-94B3-A8E46F015EA7}.Debug|x86.ActiveCfg = Debug|Any CPU
		{D7E1FA47-24DB-4003-94B3-A8E46F015EA7}.Debug|x86.Build.0 = Debug|Any CPU
		{D7E1FA47-24DB-4003-94B3-A8E46F015EA7}.Release|Any CPU.ActiveCfg = Release|Any CPU
		{D7E1FA47-24DB-4003-94B3-A8E46F015EA7}.Release|Any CPU.Build.0 = Release|Any CPU
		{D7E1FA47-24DB-4003-94B3-A8E46F015EA7}.Release|x64.ActiveCfg = Release|Any CPU
		{D7E1FA47-24DB-4003-94B3-A8E46F015EA7}.Release|x64.Build.0 = Release|Any CPU
		{D7E1FA47-24DB-4003-94B3-A8E46F015EA7}.Release|x86.ActiveCfg = Release|Any CPU
		{D7E1FA47-24DB-4003-94B3-A8E46F015EA7}.Release|x86.Build.0 = Release|Any CPU
		{8162D830-1565-49F5-B5BE-DECDE3E288B6}.Debug|Any CPU.ActiveCfg = Debug|Any CPU
		{8162D830-1565-49F5-B5BE-DECDE3E288B6}.Debug|Any CPU.Build.0 = Debug|Any CPU
		{8162D830-1565-49F5-B5BE-DECDE3E288B6}.Debug|x64.ActiveCfg = Debug|Any CPU
		{8162D830-1565-49F5-B5BE-DECDE3E288B6}.Debug|x64.Build.0 = Debug|Any CPU
		{8162D830-1565-49F5-B5BE-DECDE3E288B6}.Debug|x86.ActiveCfg = Debug|Any CPU
		{8162D830-1565-49F5-B5BE-DECDE3E288B6}.Debug|x86.Build.0 = Debug|Any CPU
		{8162D830-1565-49F5-B5BE-DECDE3E288B6}.Release|Any CPU.ActiveCfg = Release|Any CPU
		{8162D830-1565-49F5-B5BE-DECDE3E288B6}.Release|Any CPU.Build.0 = Release|Any CPU
		{8162D830-1565-49F5-B5BE-DECDE3E288B6}.Release|x64.ActiveCfg = Release|Any CPU
		{8162D830-1565-49F5-B5BE-DECDE3E288B6}.Release|x64.Build.0 = Release|Any CPU
		{8162D830-1565-49F5-B5BE-DECDE3E288B6}.Release|x86.ActiveCfg = Release|Any CPU
		{8162D830-1565-49F5-B5BE-DECDE3E288B6}.Release|x86.Build.0 = Release|Any CPU
		{ABEC3843-8346-48FA-ABF4-A9DD3076D2E3}.Debug|Any CPU.ActiveCfg = Debug|Any CPU
		{ABEC3843-8346-48FA-ABF4-A9DD3076D2E3}.Debug|Any CPU.Build.0 = Debug|Any CPU
		{ABEC3843-8346-48FA-ABF4-A9DD3076D2E3}.Debug|x64.ActiveCfg = Debug|Any CPU
		{ABEC3843-8346-48FA-ABF4-A9DD3076D2E3}.Debug|x64.Build.0 = Debug|Any CPU
		{ABEC3843-8346-48FA-ABF4-A9DD3076D2E3}.Debug|x86.ActiveCfg = Debug|Any CPU
		{ABEC3843-8346-48FA-ABF4-A9DD3076D2E3}.Debug|x86.Build.0 = Debug|Any CPU
		{ABEC3843-8346-48FA-ABF4-A9DD3076D2E3}.Release|Any CPU.ActiveCfg = Release|Any CPU
		{ABEC3843-8346-48FA-ABF4-A9DD3076D2E3}.Release|Any CPU.Build.0 = Release|Any CPU
		{ABEC3843-8346-48FA-ABF4-A9DD3076D2E3}.Release|x64.ActiveCfg = Release|Any CPU
		{ABEC3843-8346-48FA-ABF4-A9DD3076D2E3}.Release|x64.Build.0 = Release|Any CPU
		{ABEC3843-8346-48FA-ABF4-A9DD3076D2E3}.Release|x86.ActiveCfg = Release|Any CPU
		{ABEC3843-8346-48FA-ABF4-A9DD3076D2E3}.Release|x86.Build.0 = Release|Any CPU
		{79DCFBEF-F6D6-4098-BA8F-1D56B4477954}.Debug|Any CPU.ActiveCfg = Debug|Any CPU
		{79DCFBEF-F6D6-4098-BA8F-1D56B4477954}.Debug|Any CPU.Build.0 = Debug|Any CPU
		{79DCFBEF-F6D6-4098-BA8F-1D56B4477954}.Debug|x64.ActiveCfg = Debug|Any CPU
		{79DCFBEF-F6D6-4098-BA8F-1D56B4477954}.Debug|x64.Build.0 = Debug|Any CPU
		{79DCFBEF-F6D6-4098-BA8F-1D56B4477954}.Debug|x86.ActiveCfg = Debug|Any CPU
		{79DCFBEF-F6D6-4098-BA8F-1D56B4477954}.Debug|x86.Build.0 = Debug|Any CPU
		{79DCFBEF-F6D6-4098-BA8F-1D56B4477954}.Release|Any CPU.ActiveCfg = Release|Any CPU
		{79DCFBEF-F6D6-4098-BA8F-1D56B4477954}.Release|Any CPU.Build.0 = Release|Any CPU
		{79DCFBEF-F6D6-4098-BA8F-1D56B4477954}.Release|x64.ActiveCfg = Release|Any CPU
		{79DCFBEF-F6D6-4098-BA8F-1D56B4477954}.Release|x64.Build.0 = Release|Any CPU
		{79DCFBEF-F6D6-4098-BA8F-1D56B4477954}.Release|x86.ActiveCfg = Release|Any CPU
		{79DCFBEF-F6D6-4098-BA8F-1D56B4477954}.Release|x86.Build.0 = Release|Any CPU
		{BE4919A1-2FD1-4C2D-923C-DAE1647E4CB7}.Debug|Any CPU.ActiveCfg = Debug|Any CPU
		{BE4919A1-2FD1-4C2D-923C-DAE1647E4CB7}.Debug|Any CPU.Build.0 = Debug|Any CPU
		{BE4919A1-2FD1-4C2D-923C-DAE1647E4CB7}.Debug|x64.ActiveCfg = Debug|Any CPU
		{BE4919A1-2FD1-4C2D-923C-DAE1647E4CB7}.Debug|x64.Build.0 = Debug|Any CPU
		{BE4919A1-2FD1-4C2D-923C-DAE1647E4CB7}.Debug|x86.ActiveCfg = Debug|Any CPU
		{BE4919A1-2FD1-4C2D-923C-DAE1647E4CB7}.Debug|x86.Build.0 = Debug|Any CPU
		{BE4919A1-2FD1-4C2D-923C-DAE1647E4CB7}.Release|Any CPU.ActiveCfg = Release|Any CPU
		{BE4919A1-2FD1-4C2D-923C-DAE1647E4CB7}.Release|Any CPU.Build.0 = Release|Any CPU
		{BE4919A1-2FD1-4C2D-923C-DAE1647E4CB7}.Release|x64.ActiveCfg = Release|Any CPU
		{BE4919A1-2FD1-4C2D-923C-DAE1647E4CB7}.Release|x64.Build.0 = Release|Any CPU
		{BE4919A1-2FD1-4C2D-923C-DAE1647E4CB7}.Release|x86.ActiveCfg = Release|Any CPU
		{BE4919A1-2FD1-4C2D-923C-DAE1647E4CB7}.Release|x86.Build.0 = Release|Any CPU
		{3D4F2B7C-DB06-43CF-A8FD-67CA78A66483}.Debug|Any CPU.ActiveCfg = Debug|Any CPU
		{3D4F2B7C-DB06-43CF-A8FD-67CA78A66483}.Debug|Any CPU.Build.0 = Debug|Any CPU
		{3D4F2B7C-DB06-43CF-A8FD-67CA78A66483}.Debug|x64.ActiveCfg = Debug|Any CPU
		{3D4F2B7C-DB06-43CF-A8FD-67CA78A66483}.Debug|x64.Build.0 = Debug|Any CPU
		{3D4F2B7C-DB06-43CF-A8FD-67CA78A66483}.Debug|x86.ActiveCfg = Debug|Any CPU
		{3D4F2B7C-DB06-43CF-A8FD-67CA78A66483}.Debug|x86.Build.0 = Debug|Any CPU
		{3D4F2B7C-DB06-43CF-A8FD-67CA78A66483}.Release|Any CPU.ActiveCfg = Release|Any CPU
		{3D4F2B7C-DB06-43CF-A8FD-67CA78A66483}.Release|Any CPU.Build.0 = Release|Any CPU
		{3D4F2B7C-DB06-43CF-A8FD-67CA78A66483}.Release|x64.ActiveCfg = Release|Any CPU
		{3D4F2B7C-DB06-43CF-A8FD-67CA78A66483}.Release|x64.Build.0 = Release|Any CPU
		{3D4F2B7C-DB06-43CF-A8FD-67CA78A66483}.Release|x86.ActiveCfg = Release|Any CPU
		{3D4F2B7C-DB06-43CF-A8FD-67CA78A66483}.Release|x86.Build.0 = Release|Any CPU
		{51C24A3D-5C73-4383-B5A4-F9F2D7225D01}.Debug|Any CPU.ActiveCfg = Debug|Any CPU
		{51C24A3D-5C73-4383-B5A4-F9F2D7225D01}.Debug|Any CPU.Build.0 = Debug|Any CPU
		{51C24A3D-5C73-4383-B5A4-F9F2D7225D01}.Debug|x64.ActiveCfg = Debug|Any CPU
		{51C24A3D-5C73-4383-B5A4-F9F2D7225D01}.Debug|x64.Build.0 = Debug|Any CPU
		{51C24A3D-5C73-4383-B5A4-F9F2D7225D01}.Debug|x86.ActiveCfg = Debug|Any CPU
		{51C24A3D-5C73-4383-B5A4-F9F2D7225D01}.Debug|x86.Build.0 = Debug|Any CPU
		{51C24A3D-5C73-4383-B5A4-F9F2D7225D01}.Release|Any CPU.ActiveCfg = Release|Any CPU
		{51C24A3D-5C73-4383-B5A4-F9F2D7225D01}.Release|Any CPU.Build.0 = Release|Any CPU
		{51C24A3D-5C73-4383-B5A4-F9F2D7225D01}.Release|x64.ActiveCfg = Release|Any CPU
		{51C24A3D-5C73-4383-B5A4-F9F2D7225D01}.Release|x64.Build.0 = Release|Any CPU
		{51C24A3D-5C73-4383-B5A4-F9F2D7225D01}.Release|x86.ActiveCfg = Release|Any CPU
		{51C24A3D-5C73-4383-B5A4-F9F2D7225D01}.Release|x86.Build.0 = Release|Any CPU
		{9612623E-11D9-401D-BBF8-3641F53B714C}.Debug|Any CPU.ActiveCfg = Debug|Any CPU
		{9612623E-11D9-401D-BBF8-3641F53B714C}.Debug|Any CPU.Build.0 = Debug|Any CPU
		{9612623E-11D9-401D-BBF8-3641F53B714C}.Debug|x64.ActiveCfg = Debug|Any CPU
		{9612623E-11D9-401D-BBF8-3641F53B714C}.Debug|x64.Build.0 = Debug|Any CPU
		{9612623E-11D9-401D-BBF8-3641F53B714C}.Debug|x86.ActiveCfg = Debug|Any CPU
		{9612623E-11D9-401D-BBF8-3641F53B714C}.Debug|x86.Build.0 = Debug|Any CPU
		{9612623E-11D9-401D-BBF8-3641F53B714C}.Release|Any CPU.ActiveCfg = Release|Any CPU
		{9612623E-11D9-401D-BBF8-3641F53B714C}.Release|Any CPU.Build.0 = Release|Any CPU
		{9612623E-11D9-401D-BBF8-3641F53B714C}.Release|x64.ActiveCfg = Release|Any CPU
		{9612623E-11D9-401D-BBF8-3641F53B714C}.Release|x64.Build.0 = Release|Any CPU
		{9612623E-11D9-401D-BBF8-3641F53B714C}.Release|x86.ActiveCfg = Release|Any CPU
		{9612623E-11D9-401D-BBF8-3641F53B714C}.Release|x86.Build.0 = Release|Any CPU
	EndGlobalSection
	GlobalSection(SolutionProperties) = preSolution
		HideSolutionNode = FALSE
	EndGlobalSection
	GlobalSection(NestedProjects) = preSolution
		{CE8E465A-817A-4C1C-AD19-74C7BBC2D061} = {827E0CD3-B72D-47B6-A68D-7590B98EB39B}
		{D7E1FA47-24DB-4003-94B3-A8E46F015EA7} = {827E0CD3-B72D-47B6-A68D-7590B98EB39B}
		{8162D830-1565-49F5-B5BE-DECDE3E288B6} = {827E0CD3-B72D-47B6-A68D-7590B98EB39B}
		{ABEC3843-8346-48FA-ABF4-A9DD3076D2E3} = {827E0CD3-B72D-47B6-A68D-7590B98EB39B}
		{79DCFBEF-F6D6-4098-BA8F-1D56B4477954} = {827E0CD3-B72D-47B6-A68D-7590B98EB39B}
		{BE4919A1-2FD1-4C2D-923C-DAE1647E4CB7} = {5D20AA90-6969-D8BD-9DCD-8634F4692FDA}
		{3D4F2B7C-DB06-43CF-A8FD-67CA78A66483} = {0AB3BF05-4346-4AA6-1389-037BE0695223}
		{51C24A3D-5C73-4383-B5A4-F9F2D7225D01} = {827E0CD3-B72D-47B6-A68D-7590B98EB39B}
		{9612623E-11D9-401D-BBF8-3641F53B714C} = {5D20AA90-6969-D8BD-9DCD-8634F4692FDA}
	EndGlobalSection
EndGlobal
